{
  "version": 4,
  "terraform_version": "1.7.2",
  "serial": 5,
  "lineage": "2f331ea5-81a2-6afa-2b23-9c7d1c2c5398",
  "outputs": {},
  "resources": [
    {
      "mode": "managed",
      "type": "vultr_instance",
      "name": "vultramsterdam",
      "provider": "provider[\"registry.opentofu.org/vultr/vultr\"]",
      "instances": [
        {
          "schema_version": 0,
          "attributes": {
            "activation_email": false,
            "allowed_bandwidth": 68,
            "app_id": 0,
            "backups": "disabled",
            "backups_schedule": [],
            "date_created": "2024-11-22T00:51:36+00:00",
            "ddos_protection": false,
            "default_password": "b4[UNPi[W{nu(MG)",
            "disk": 80,
            "enable_ipv6": true,
            "features": [
              "ipv6"
            ],
            "firewall_group_id": "",
            "gateway_v4": "45.77.136.1",
            "hostname": "vultramsterdam",
            "id": "5f5c9ee4-ba0c-41f8-9466-2affc4472159",
            "image_id": null,
            "internal_ip": "",
            "iso_id": null,
            "kvm": "https://my.vultr.com/subs/vps/novnc/api.php?data=djJ8dDR4ZFBtdkVBTWZISlFxUV9scXlTTmJTekVWNHJkemV8uBB4mQq4yNCsexwBuyjG2l_QU-0MI_QXOI17Wnj_zx0DTkFC_f5hysoBPXmrppk75bSjL4aZZ7fwko5grXkPBaFGloIzcTQ66amYv655ejOm7qapdtunTw8FAWpr74XJYx3iGuV2ebGnXUPoVIK91HtVFwu9jcqfpYEdGYXiBcT5I2zDrbIWvPkjvs1laNC5v4VP9ewVPsOxbNCbkL6iNg",
            "label": "vultramsterdam",
            "main_ip": "45.77.136.183",
            "netmask_v4": "255.255.254.0",
            "os": "Ubuntu 22.04 x64",
            "os_id": 1743,
            "plan": "vc2-2c-4gb",
            "power_status": "running",
            "private_network_ids": [],
            "ram": 4096,
            "region": "ams",
            "reserved_ip_id": null,
            "script_id": "2039f54c-564d-4dda-ab42-7adc02fbc81b",
            "server_status": "ok",
            "snapshot_id": null,
            "ssh_key_ids": null,
            "status": "active",
            "tag": "",
            "tags": [],
            "timeouts": null,
            "user_data": null,
            "v6_main_ip": "2001:19f0:5001:00ef:5400:05ff:fe2d:7773",
            "v6_network": "2001:19f0:5001:ef::",
            "v6_network_size": 64,
            "vcpu_count": 2,
            "vpc_ids": []
          },
          "sensitive_attributes": [],
          "private": "eyJlMmJmYjczMC1lY2FhLTExZTYtOGY4OC0zNDM2M2JjN2M0YzAiOnsiY3JlYXRlIjozNjAwMDAwMDAwMDAwLCJ1cGRhdGUiOjM2MDAwMDAwMDAwMDB9fQ==",
          "dependencies": [
            "vultr_startup_script.my_script"
          ]
        }
      ]
    },
    {
      "mode": "managed",
      "type": "vultr_instance",
      "name": "vultratlanta",
      "provider": "provider[\"registry.opentofu.org/vultr/vultr\"]",
      "instances": [
        {
          "schema_version": 0,
          "attributes": {
            "activation_email": false,
            "allowed_bandwidth": 68,
            "app_id": 0,
            "backups": "disabled",
            "backups_schedule": [],
            "date_created": "2024-11-22T00:51:36+00:00",
            "ddos_protection": false,
            "default_password": "+E2e@?LEXv9,SEdT",
            "disk": 80,
            "enable_ipv6": true,
            "features": [
              "ipv6"
            ],
            "firewall_group_id": "",
            "gateway_v4": "45.76.252.1",
            "hostname": "vultratlanta",
            "id": "cd8c2126-b131-4199-839b-a4376da3b61c",
            "image_id": null,
            "internal_ip": "",
            "iso_id": null,
            "kvm": "https://my.vultr.com/subs/vps/novnc/api.php?data=djJ8TEhveVFiRWk0Mjd0bDBsZ1JXUWxXLWg4N3d4QVFWSGF8W-lyG0ms3X1vYmTYZjj-r-5LhuyLj-Qv_4ZA6N6qeLYzOfEsCsO-bF8jzKbpJyRfpH01oPX-zfGOs1FufPsRFX3SvHPSSZKp_7Da8rHn_VfuxfQr5lc8TYmYh6NrTUdSPScKg6I-TG90ne41RXp3KqcseAmzarFzInqjKRq0ikOkSNfoBp6L4LOc3cF5DNTCwEe5vmd7PLJDMoYwESI",
            "label": "vultratlanta",
            "main_ip": "45.76.252.59",
            "netmask_v4": "255.255.254.0",
            "os": "Ubuntu 22.04 x64",
            "os_id": 1743,
            "plan": "vc2-2c-4gb",
            "power_status": "running",
            "private_network_ids": [],
            "ram": 4096,
            "region": "atl",
            "reserved_ip_id": null,
            "script_id": "2039f54c-564d-4dda-ab42-7adc02fbc81b",
            "server_status": "ok",
            "snapshot_id": null,
            "ssh_key_ids": null,
            "status": "active",
            "tag": "",
            "tags": [],
            "timeouts": null,
            "user_data": null,
            "v6_main_ip": "2001:19f0:5401:1a80:5400:05ff:fe2d:7774",
            "v6_network": "2001:19f0:5401:1a80::",
            "v6_network_size": 64,
            "vcpu_count": 2,
            "vpc_ids": []
          },
          "sensitive_attributes": [],
          "private": "eyJlMmJmYjczMC1lY2FhLTExZTYtOGY4OC0zNDM2M2JjN2M0YzAiOnsiY3JlYXRlIjozNjAwMDAwMDAwMDAwLCJ1cGRhdGUiOjM2MDAwMDAwMDAwMDB9fQ==",
          "dependencies": [
            "vultr_startup_script.my_script"
          ]
        }
      ]
    },
    {
      "mode": "managed",
      "type": "vultr_instance",
      "name": "vultrchicago",
      "provider": "provider[\"registry.opentofu.org/vultr/vultr\"]",
      "instances": [
        {
          "schema_version": 0,
          "attributes": {
            "activation_email": false,
            "allowed_bandwidth": 4,
            "app_id": 0,
            "backups": "disabled",
            "backups_schedule": [],
            "date_created": "2024-11-22T15:24:04+00:00",
            "ddos_protection": false,
            "default_password": "4Vp?Ly$[vHZD5P26",
            "disk": 80,
            "enable_ipv6": true,
            "features": [
              "ipv6"
            ],
            "firewall_group_id": "",
            "gateway_v4": "45.76.28.1",
            "hostname": "vultrchicago",
            "id": "cd9d61cc-a041-436f-b6ac-a99321f99dc0",
            "image_id": null,
            "internal_ip": "",
            "iso_id": null,
            "kvm": "https://my.vultr.com/subs/vps/novnc/api.php?data=djJ8STc4b0RseE9UbndxbHF0azJrb2tlUE5vOF9YWG9uRWZ8aiNkVGdiNOouDVMudQtvx3YHr0RKSY3t3IWyYUdDBX85hQYe8fqWraOUPj8QZ4-JhWA6QmXdrjy0Y9d7CNmCrAOg5pHgRXifOcYuBjkRrYCWaN3vOEnOVenU26932Sj-nT2f07etGonLRLlHbBqFRd620kJ5UY4PBFfATOCuMCs5hTnhhL13qSQPDEpT_i9819EEHtlV-ecWp0tS-YA",
            "label": "vultrchicago",
            "main_ip": "45.76.29.211",
            "netmask_v4": "255.255.254.0",
            "os": "Ubuntu 22.04 x64",
            "os_id": 1743,
            "plan": "vc2-2c-4gb",
            "power_status": "running",
            "private_network_ids": [],
            "ram": 4096,
            "region": "ord",
            "reserved_ip_id": null,
            "script_id": "2039f54c-564d-4dda-ab42-7adc02fbc81b",
            "server_status": "installingbooting",
            "snapshot_id": null,
            "ssh_key_ids": null,
            "status": "active",
            "tag": "",
            "tags": null,
            "timeouts": null,
            "user_data": null,
            "v6_main_ip": "2001:19f0:5c00:2e64:5400:05ff:fe2d:ab93",
            "v6_network": "2001:19f0:5c00:2e64::",
            "v6_network_size": 64,
            "vcpu_count": 2,
            "vpc_ids": []
          },
          "sensitive_attributes": [],
          "private": "eyJlMmJmYjczMC1lY2FhLTExZTYtOGY4OC0zNDM2M2JjN2M0YzAiOnsiY3JlYXRlIjozNjAwMDAwMDAwMDAwLCJ1cGRhdGUiOjM2MDAwMDAwMDAwMDB9fQ==",
          "dependencies": [
            "vultr_startup_script.my_script"
          ]
        }
      ]
    },
    {
      "mode": "managed",
      "type": "vultr_startup_script",
      "name": "my_script",
      "provider": "provider[\"registry.opentofu.org/vultr/vultr\"]",
      "instances": [
        {
          "schema_version": 0,
          "attributes": {
            "date_created": "2024-11-22T00:51:35+00:00",
            "date_modified": "2024-11-22T00:51:35+00:00",
            "id": "2039f54c-564d-4dda-ab42-7adc02fbc81b",
            "name": "init_ssh_key",
            "script": "IyEvYmluL2Jhc2gKCmVjaG8gIkNvcHlpbmcgdGhlIFNTSCBLZXkgdG8gdGhlIHNlcnZlciIKCmhvc3RuYW1lIG1hc3Rlci1hbXN0ZXJkYW0KCmVjaG8gLWUgInNzaC1yc2EgQUFBQUIzTnphQzF5YzJFQUFBQURBUUFCQUFBQ0FRRGlDRGtSQyt5eXU4MFdERTJmaW1BN2lsWEVPa05FTFJqaEpHaE1mY0htZDNJM0M3Y0JvdzRwa0pqaEpydGlnbGNCSE51RUFYdUtacFRlb2dFL2pkSUVBbkJZOE1LeVI5dnFwYks0V2xsWU4yemI2QTA0M1hNYUY0SktJZzc3eFpWWGRsOGkrQVZzRFVlSSt6Sk4xZ084eEwzOHBKK1hDZGd4eXd3ampxZXNPU0RZWC90ald6K2crSGhraGpVT2E2UFdkU3lHNTFEdDk3S3BQM1MyUmVINkE5cHJWSjlDYkQvU09INXdjMWtSTXQ5T2R6dWwzOTZ4MWxNd3c5eExmVDJyZ3RtK1JhTHBjY0ZVMU4zcFlRN1Ywby9TOGF6S2ZVVmRkMWV1L1lueVVDRnJSb3ZQN0w1UDNOQ1VITzhSSEVycDhIT21Hem5LcThMYklyQ3dtZFNkREF1NTNhTVBGa1VpT1AzR296c1FreUhHZXlHWG5uTGlBODdvWTEvRzlrOWY0dUdHRWF1d3JmcnFXUkhOQ1dBaEFTaUhDNjlFSW4zL2QrdlpmZllKNE5LVkM5YkpyYkN3LzhkOUdzR3c5QkQ2cW4yTHJ2MjNacHQrZk5OQTBNZXk2d3pzbzhDS3VBT1FpMjlpNjJnRXI3VHJnMjFnS28rbjZJelhXTWFxZHlOQVlKV3owUDRDdEF3bWgxTUVRTm53VHBoUU9MR2gxQnpuTC8vRXZYdXU3UnMrcFZ3MXhDaDQ5SzNNUmxYdkV5dGdncHc5MFVjcWl1RnBrRzBuZGYyZ1VsMjlKZktKVWxCSnhtUmVaY0NDSTB4Y1NaS2NaTmIvYVk5cTBLRTZoZUVTdS8vUmFqMnl5MVVwYzZUa0RTQ0JPTWlPVEJybDFPbEt2ejFtaWJ1YWtRPT0gaGVucnlATWFjQm9vay1Qcm8tMTEubG9jYWwiID4+IC9yb290Ly5zc2gvYXV0aG9yaXplZF9rZXlzCgoKYXB0IHVwZGF0ZQphcHQgaW5zdGFsbCAteSBnaXQKZ2l0IGNsb25lIGh0dHBzOi8vZ2l0aHViLmNvbS9iaXJnZWxlZS9rOC1pbnN0YWxsLXNjcmlwdHMuZ2l0CiNjZCBrOC1pbnN0YWxsLXNjcmlwdHMKIy4vaW5zdGFsbC1tYXN0ZXIuc2ggPj4gL2hvbWUvdWJ1bnR1L3NldHVwLW91dHB1dC50eHQ=",
            "type": "boot"
          },
          "sensitive_attributes": [],
          "private": "bnVsbA=="
        }
      ]
    }
  ],
  "check_results": null
}
